
Microsoft Visual Studio Solution File, Format Version 11.00
# Visual Studio 2010
Project("{FAE04EC0-301F-11D3-BF4B-00C04F79EFBC}") = "madlibs", "Assembly-CSharp.csproj", "{F87F5DC9-E107-4FB5-910E-422E86275C13}"
EndProject
Global
	GlobalSection(SolutionConfigurationPlatforms) = preSolution
		Debug|Any CPU = Debug|Any CPU
		Release|Any CPU = Release|Any CPU
	EndGlobalSection
	GlobalSection(ProjectConfigurationPlatforms) = postSolution
		{F87F5DC9-E107-4FB5-910E-422E86275C13}.Debug|Any CPU.ActiveCfg = Debug|Any CPU
		{F87F5DC9-E107-4FB5-910E-422E86275C13}.Debug|Any CPU.Build.0 = Debug|Any CPU
		{F87F5DC9-E107-4FB5-910E-422E86275C13}.Release|Any CPU.ActiveCfg = Release|Any CPU
		{F87F5DC9-E107-4FB5-910E-422E86275C13}.Release|Any CPU.Build.0 = Release|Any CPU
	EndGlobalSection
	GlobalSection(SolutionProperties) = preSolution
		HideSolutionNode = FALSE
	EndGlobalSection
	GlobalSection(MonoDevelopProperties) = preSolution
		StartupItem = Assembly-CSharp.csproj
	EndGlobalSection
EndGlobal
